# @generated - this file is auto-generated by `mise lock` https://mise.en.dev/dev-tools/mise-lock.html

[[tools."github:parca-dev/parca"]]
version = "0.28.0"
backend = "github:parca-dev/parca"

[tools."github:parca-dev/parca"."platforms.linux-arm64"]
checksum = "sha256:e2d4a43daf1f6050fd0f3334016a750b93f1013f333b5e138abf79e6955250f6"
url = "https://github.com/parca-dev/parca/releases/download/v0.28.0/parca_0.28.0_Linux_arm64.tar.gz"
url_api = "https://api.github.com/repos/parca-dev/parca/releases/assets/414240598"

[tools."github:parca-dev/parca"."platforms.linux-arm64-musl"]
checksum = "sha256:e2d4a43daf1f6050fd0f3334016a750b93f1013f333b5e138abf79e6955250f6"
url = "https://github.com/parca-dev/parca/releases/download/v0.28.0/parca_0.28.0_Linux_arm64.tar.gz"
url_api = "https://api.github.com/repos/parca-dev/parca/releases/assets/414240598"

[tools."github:parca-dev/parca"."platforms.linux-x64"]
checksum = "sha256:f08a2ecbe4490b539107d4aa4b9aae8362bf88e09e9e099c264c734eff9d4dd4"
url = "https://github.com/parca-dev/parca/releases/download/v0.28.0/parca_0.28.0_Linux_x86_64.tar.gz"
url_api = "https://api.github.com/repos/parca-dev/parca/releases/assets/414240593"

[tools."github:parca-dev/parca"."platforms.linux-x64-musl"]
checksum = "sha256:f08a2ecbe4490b539107d4aa4b9aae8362bf88e09e9e099c264c734eff9d4dd4"
url = "https://github.com/parca-dev/parca/releases/download/v0.28.0/parca_0.28.0_Linux_x86_64.tar.gz"
url_api = "https://api.github.com/repos/parca-dev/parca/releases/assets/414240593"

[tools."github:parca-dev/parca"."platforms.macos-arm64"]
checksum = "sha256:5ceebc1cbdfa2bc623190582f8e0f04a1db85d137cf5399877b701aaefa4bfca"
url = "https://github.com/parca-dev/parca/releases/download/v0.28.0/parca_0.28.0_Darwin_arm64.tar.gz"
url_api = "https://api.github.com/repos/parca-dev/parca/releases/assets/414240653"

[tools."github:parca-dev/parca"."platforms.macos-x64"]
checksum = "sha256:0383bc08236cabe98af04d0bdcb8b12050a46facca09c549a769bc58022c6880"
url = "https://github.com/parca-dev/parca/releases/download/v0.28.0/parca_0.28.0_Darwin_x86_64.tar.gz"
url_api = "https://api.github.com/repos/parca-dev/parca/releases/assets/414240655"

[tools."github:parca-dev/parca"."platforms.windows-x64"]
checksum = "sha256:59b0b92da894eb16d0e258aeb4d10516a50e7532561eba8cff1d706f75d687f0"
url = "https://github.com/parca-dev/parca/releases/download/v0.28.0/parca_0.28.0_Windows_x86_64.zip"
url_api = "https://api.github.com/repos/parca-dev/parca/releases/assets/414240599"

[[tools."github:parca-dev/parca-agent"]]
version = "0.49.0"
backend = "github:parca-dev/parca-agent"

[tools."github:parca-dev/parca-agent"."platforms.linux-arm64"]
checksum = "sha256:6b1bd63a28d0e5103510bf832c195d85083aa2302b96e22259ce364b998f078b"
url = "https://github.com/parca-dev/parca-agent/releases/download/v0.49.0/parca-agent_0.49.0_Linux_aarch64"
url_api = "https://api.github.com/repos/parca-dev/parca-agent/releases/assets/469439797"

[tools."github:parca-dev/parca-agent"."platforms.linux-arm64-musl"]
checksum = "sha256:6b1bd63a28d0e5103510bf832c195d85083aa2302b96e22259ce364b998f078b"
url = "https://github.com/parca-dev/parca-agent/releases/download/v0.49.0/parca-agent_0.49.0_Linux_aarch64"
url_api = "https://api.github.com/repos/parca-dev/parca-agent/releases/assets/469439797"

[tools."github:parca-dev/parca-agent"."platforms.linux-x64"]
checksum = "sha256:ca7da43f9f45d7189310fd589d4f6202a23a87a4ada1dd42784bab58f0d390ef"
url = "https://github.com/parca-dev/parca-agent/releases/download/v0.49.0/parca-agent_0.49.0_Linux_x86_64"
url_api = "https://api.github.com/repos/parca-dev/parca-agent/releases/assets/469439796"

[tools."github:parca-dev/parca-agent"."platforms.linux-x64-musl"]
checksum = "sha256:ca7da43f9f45d7189310fd589d4f6202a23a87a4ada1dd42784bab58f0d390ef"
url = "https://github.com/parca-dev/parca-agent/releases/download/v0.49.0/parca-agent_0.49.0_Linux_x86_64"
url_api = "https://api.github.com/repos/parca-dev/parca-agent/releases/assets/469439796"

[tools."github:parca-dev/parca-agent"."platforms.macos-arm64"]
checksum = "sha256:018a391d80f911c5ccffb5964dd82dcf03949738fdf24b5aa56a81230b9d12be"
url = "https://github.com/parca-dev/parca-agent/releases/download/v0.49.0/manifests.tar.gz"
url_api = "https://api.github.com/repos/parca-dev/parca-agent/releases/assets/469440206"

[tools."github:parca-dev/parca-agent"."platforms.macos-x64"]
checksum = "sha256:018a391d80f911c5ccffb5964dd82dcf03949738fdf24b5aa56a81230b9d12be"
url = "https://github.com/parca-dev/parca-agent/releases/download/v0.49.0/manifests.tar.gz"
url_api = "https://api.github.com/repos/parca-dev/parca-agent/releases/assets/469440206"

[tools."github:parca-dev/parca-agent"."platforms.windows-x64"]
checksum = "sha256:018a391d80f911c5ccffb5964dd82dcf03949738fdf24b5aa56a81230b9d12be"
url = "https://github.com/parca-dev/parca-agent/releases/download/v0.49.0/manifests.tar.gz"
url_api = "https://api.github.com/repos/parca-dev/parca-agent/releases/assets/469440206"

[[tools.hk]]
version = "1.46.0"
backend = "aqua:jdx/hk"

[tools.hk."platforms.linux-arm64"]
checksum = "sha256:bad1b4e52cce2147646d943baa06a7bdb3d182ae0876853897a72225626411ae"
url = "https://github.com/jdx/hk/releases/download/v1.46.0/hk-aarch64-unknown-linux-gnu.tar.gz"

[tools.hk."platforms.linux-arm64-musl"]
checksum = "sha256:ad11b69485096ec5b1822f5bad298d2a44664b85d10d0308c812473b17b1321a"
url = "https://github.com/jdx/hk/releases/download/v1.46.0/hk-aarch64-unknown-linux-musl.tar.gz"

[tools.hk."platforms.linux-x64"]
checksum = "sha256:85b2cc167443cd27b49e323ef9b9d1a946d4bc18196eccb66112842d30fb90cb"
url = "https://github.com/jdx/hk/releases/download/v1.46.0/hk-x86_64-unknown-linux-gnu.tar.gz"

[tools.hk."platforms.linux-x64-musl"]
checksum = "sha256:4ff45e1bfc9672b1b00572b4a50fac3b57e4add622ed56e9e2587745299932eb"
url = "https://github.com/jdx/hk/releases/download/v1.46.0/hk-x86_64-unknown-linux-musl.tar.gz"

[tools.hk."platforms.macos-arm64"]
checksum = "sha256:9db3fac25754cfb929dc3f92b294fffdb966d4e838b8e0adeaf5b9b7eccc4f6c"
url = "https://github.com/jdx/hk/releases/download/v1.46.0/hk-aarch64-apple-darwin.tar.gz"

[tools.hk."platforms.windows-x64"]
checksum = "sha256:5af7e769acb7f70d8630ed53ae1fb2cc4b205117f29df5d83619fa0ff72a3bf1"
url = "https://github.com/jdx/hk/releases/download/v1.46.0/hk-x86_64-pc-windows-msvc.zip"

[[tools.pkl]]
version = "0.31.1"
backend = "aqua:apple/pkl"

[tools.pkl."platforms.linux-arm64"]
checksum = "sha256:7ef10e743daa921fb94ae7bdb9ec6986f362bf250c55814b9ea2aeb13f2d083e"
url = "https://github.com/apple/pkl/releases/download/0.31.1/pkl-linux-aarch64"

[tools.pkl."platforms.linux-arm64-musl"]
checksum = "sha256:7ef10e743daa921fb94ae7bdb9ec6986f362bf250c55814b9ea2aeb13f2d083e"
url = "https://github.com/apple/pkl/releases/download/0.31.1/pkl-linux-aarch64"

[tools.pkl."platforms.linux-x64"]
checksum = "sha256:618f13955d755cafbfe8c9cba1d27635848cd49dbc6abffd398d2751db1231bf"
url = "https://github.com/apple/pkl/releases/download/0.31.1/pkl-linux-amd64"

[tools.pkl."platforms.linux-x64-musl"]
checksum = "sha256:618f13955d755cafbfe8c9cba1d27635848cd49dbc6abffd398d2751db1231bf"
url = "https://github.com/apple/pkl/releases/download/0.31.1/pkl-linux-amd64"

[tools.pkl."platforms.macos-arm64"]
checksum = "sha256:1b6a5438d9624cd2798a7530721bbbfa27ef72efe5c878a1b6c546c6e7ca0e8f"
url = "https://github.com/apple/pkl/releases/download/0.31.1/pkl-macos-aarch64"

[tools.pkl."platforms.macos-x64"]
checksum = "sha256:22123ed4ae4c03afa8c54c69f77f0bec39b0fa0f67b09d6d148e0a376a2a471d"
url = "https://github.com/apple/pkl/releases/download/0.31.1/pkl-macos-amd64"

[tools.pkl."platforms.windows-x64"]
checksum = "sha256:a8834481667325b44c539dbb758d7365a16389070f343c04b639bbe525ede013"
url = "https://github.com/apple/pkl/releases/download/0.31.1/pkl-windows-amd64.exe"

[[tools.uv]]
version = "0.11.14"
backend = "aqua:astral-sh/uv"

[tools.uv."platforms.linux-arm64"]
checksum = "sha256:d7d3966e46915c5f6932692aaf152a2473eecb1d2517ca4f8e88a07484b380b6"
url = "https://github.com/astral-sh/uv/releases/download/0.11.14/uv-aarch64-unknown-linux-musl.tar.gz"
provenance = "github-attestations"

[tools.uv."platforms.linux-arm64-musl"]
checksum = "sha256:d7d3966e46915c5f6932692aaf152a2473eecb1d2517ca4f8e88a07484b380b6"
url = "https://github.com/astral-sh/uv/releases/download/0.11.14/uv-aarch64-unknown-linux-musl.tar.gz"
provenance = "github-attestations"

[tools.uv."platforms.linux-x64"]
checksum = "sha256:077d36f45a0cc6d440b653b2d5c53e7731121e99e54b0221267eec5d1cae76ce"
url = "https://github.com/astral-sh/uv/releases/download/0.11.14/uv-x86_64-unknown-linux-musl.tar.gz"
provenance = "github-attestations"

[tools.uv."platforms.linux-x64-musl"]
checksum = "sha256:077d36f45a0cc6d440b653b2d5c53e7731121e99e54b0221267eec5d1cae76ce"
url = "https://github.com/astral-sh/uv/releases/download/0.11.14/uv-x86_64-unknown-linux-musl.tar.gz"
provenance = "github-attestations"

[tools.uv."platforms.macos-arm64"]
checksum = "sha256:4333af5c0730d94323a7819bbdf87ce92dd07fc857d67fff0059e0fca31b5c02"
url = "https://github.com/astral-sh/uv/releases/download/0.11.14/uv-aarch64-apple-darwin.tar.gz"
provenance = "github-attestations"

[tools.uv."platforms.macos-x64"]
checksum = "sha256:9836c1440b0bd6aa5f81793648a339bd01d593b7b8f575de3b855dae4ab64654"
url = "https://github.com/astral-sh/uv/releases/download/0.11.14/uv-x86_64-apple-darwin.tar.gz"
provenance = "github-attestations"

[tools.uv."platforms.windows-x64"]
checksum = "sha256:52ba5d19409aaa688a8a1a6ec8dfb6a4817230d20186e75f4006105c3e39a846"
url = "https://github.com/astral-sh/uv/releases/download/0.11.14/uv-x86_64-pc-windows-msvc.zip"
provenance = "github-attestations"
