# @generated - this file is auto-generated by `mise lock` https://mise.en.dev/dev-tools/mise-lock.html

[[tools.python]]
version = "3.11.13"
backend = "core:python"

[tools.python."platforms.linux-arm64"]
checksum = "sha256:5b08be545d415a562caeab61255e5583935b33caf21c6eafabb4ea7db87239b2"
url = "https://github.com/astral-sh/python-build-standalone/releases/download/20251007/cpython-3.11.13+20251007-aarch64-unknown-linux-gnu-install_only_stripped.tar.gz"
provenance = "github-attestations"

[tools.python."platforms.linux-arm64-musl"]
checksum = "sha256:91c7e169e18a12e7c643ba6a6fe8333c8681bdfa553d9fc2404704e247b2f842"
url = "https://github.com/astral-sh/python-build-standalone/releases/download/20251007/cpython-3.11.13+20251007-aarch64-unknown-linux-musl-install_only_stripped.tar.gz"
provenance = "github-attestations"

[tools.python."platforms.linux-x64"]
checksum = "sha256:43bfc42529843ecd1d9c08c4a239ede348f96ff0acaef2ec24b28dc059f4f0c3"
url = "https://github.com/astral-sh/python-build-standalone/releases/download/20251007/cpython-3.11.13+20251007-x86_64-unknown-linux-gnu-install_only_stripped.tar.gz"
provenance = "github-attestations"

[tools.python."platforms.linux-x64-musl"]
checksum = "sha256:a7c1a4f125c130e7249b962412205ed05fef268ac0bbdc59d52f7f2d8730f6ec"
url = "https://github.com/astral-sh/python-build-standalone/releases/download/20251007/cpython-3.11.13+20251007-x86_64-unknown-linux-musl-install_only_stripped.tar.gz"
provenance = "github-attestations"

[tools.python."platforms.macos-arm64"]
checksum = "sha256:78bc6defdc1dac5bf6765c8f938e6849383dbed831ea1e2d11576a4683fb1e8c"
url = "https://github.com/astral-sh/python-build-standalone/releases/download/20251007/cpython-3.11.13+20251007-aarch64-apple-darwin-install_only_stripped.tar.gz"
provenance = "github-attestations"

[tools.python."platforms.macos-x64"]
checksum = "sha256:af2e93876eb643e71df9ca9210d23ff30127ef01f3213aab7d7b326c17df7e12"
url = "https://github.com/astral-sh/python-build-standalone/releases/download/20251007/cpython-3.11.13+20251007-x86_64-apple-darwin-install_only_stripped.tar.gz"
provenance = "github-attestations"

[tools.python."platforms.windows-x64"]
checksum = "sha256:cde5153f59a67d9e108f2ed964526e9aed100eba180f54bee0496b4fd73a8b29"
url = "https://github.com/astral-sh/python-build-standalone/releases/download/20251007/cpython-3.11.13+20251007-x86_64-pc-windows-msvc-install_only_stripped.tar.gz"
provenance = "github-attestations"

[[tools.uv]]
version = "0.11.14"
backend = "aqua:astral-sh/uv"

[tools.uv."platforms.linux-arm64"]
checksum = "sha256:d7d3966e46915c5f6932692aaf152a2473eecb1d2517ca4f8e88a07484b380b6"
url = "https://github.com/astral-sh/uv/releases/download/0.11.14/uv-aarch64-unknown-linux-musl.tar.gz"
provenance = "github-attestations"

[tools.uv."platforms.linux-arm64-musl"]
checksum = "sha256:d7d3966e46915c5f6932692aaf152a2473eecb1d2517ca4f8e88a07484b380b6"
url = "https://github.com/astral-sh/uv/releases/download/0.11.14/uv-aarch64-unknown-linux-musl.tar.gz"
provenance = "github-attestations"

[tools.uv."platforms.linux-x64"]
checksum = "sha256:077d36f45a0cc6d440b653b2d5c53e7731121e99e54b0221267eec5d1cae76ce"
url = "https://github.com/astral-sh/uv/releases/download/0.11.14/uv-x86_64-unknown-linux-musl.tar.gz"
provenance = "github-attestations"

[tools.uv."platforms.linux-x64-musl"]
checksum = "sha256:077d36f45a0cc6d440b653b2d5c53e7731121e99e54b0221267eec5d1cae76ce"
url = "https://github.com/astral-sh/uv/releases/download/0.11.14/uv-x86_64-unknown-linux-musl.tar.gz"
provenance = "github-attestations"

[tools.uv."platforms.macos-arm64"]
checksum = "sha256:4333af5c0730d94323a7819bbdf87ce92dd07fc857d67fff0059e0fca31b5c02"
url = "https://github.com/astral-sh/uv/releases/download/0.11.14/uv-aarch64-apple-darwin.tar.gz"
provenance = "github-attestations"

[tools.uv."platforms.macos-x64"]
checksum = "sha256:9836c1440b0bd6aa5f81793648a339bd01d593b7b8f575de3b855dae4ab64654"
url = "https://github.com/astral-sh/uv/releases/download/0.11.14/uv-x86_64-apple-darwin.tar.gz"
provenance = "github-attestations"

[tools.uv."platforms.windows-x64"]
checksum = "sha256:52ba5d19409aaa688a8a1a6ec8dfb6a4817230d20186e75f4006105c3e39a846"
url = "https://github.com/astral-sh/uv/releases/download/0.11.14/uv-x86_64-pc-windows-msvc.zip"
provenance = "github-attestations"
